
Microsoft Visual Studio Solution File, Format Version 11.00
# Visual Studio 2010
Project("{8BC9CEB8-8B4A-11D0-8D11-00A0C91BC942}") = "TestServer", "TestServer\TestServer.vcxproj", "{2BB08A20-999A-42FC-BD15-C2FD9D2720BD}"
EndProject
Project("{8BC9CEB8-8B4A-11D0-8D11-00A0C91BC942}") = "TestClient", "TestClient\TestClient.vcxproj", "{4F057E4C-7B88-4F0B-BC83-1416D74C7E14}"
EndProject
Project("{8BC9CEB8-8B4A-11D0-8D11-00A0C91BC942}") = "Network", "Network\Network.vcxproj", "{71D04C00-F0E4-4B3E-AD03-F3230235A82B}"
EndProject
Global
	GlobalSection(SolutionConfigurationPlatforms) = preSolution
		Debug|Win32 = Debug|Win32
		Release|Win32 = Release|Win32
	EndGlobalSection
	GlobalSection(ProjectConfigurationPlatforms) = postSolution
		{2BB08A20-999A-42FC-BD15-C2FD9D2720BD}.Debug|Win32.ActiveCfg = Debug|Win32
		{2BB08A20-999A-42FC-BD15-C2FD9D2720BD}.Debug|Win32.Build.0 = Debug|Win32
		{2BB08A20-999A-42FC-BD15-C2FD9D2720BD}.Release|Win32.ActiveCfg = Release|Win32
		{2BB08A20-999A-42FC-BD15-C2FD9D2720BD}.Release|Win32.Build.0 = Release|Win32
		{4F057E4C-7B88-4F0B-BC83-1416D74C7E14}.Debug|Win32.ActiveCfg = Debug|Win32
		{4F057E4C-7B88-4F0B-BC83-1416D74C7E14}.Debug|Win32.Build.0 = Debug|Win32
		{4F057E4C-7B88-4F0B-BC83-1416D74C7E14}.Release|Win32.ActiveCfg = Release|Win32
		{4F057E4C-7B88-4F0B-BC83-1416D74C7E14}.Release|Win32.Build.0 = Release|Win32
		{71D04C00-F0E4-4B3E-AD03-F3230235A82B}.Debug|Win32.ActiveCfg = Debug|Win32
		{71D04C00-F0E4-4B3E-AD03-F3230235A82B}.Debug|Win32.Build.0 = Debug|Win32
		{71D04C00-F0E4-4B3E-AD03-F3230235A82B}.Release|Win32.ActiveCfg = Release|Win32
		{71D04C00-F0E4-4B3E-AD03-F3230235A82B}.Release|Win32.Build.0 = Release|Win32
	EndGlobalSection
	GlobalSection(SolutionProperties) = preSolution
		HideSolutionNode = FALSE
	EndGlobalSection
EndGlobal
